
Microsoft Visual Studio Solution File, Format Version 11.00
# Visual Studio 2010
Project("{FAE04EC0-301F-11D3-BF4B-00C04F79EFBC}") = "Mod02-AdvProgramming.Utils", "Mod02-AdvProgramming.Utils\Mod02-AdvProgramming.Utils.csproj", "{C45FACAA-FBE2-4D85-B173-BB0AA92A2944}"
EndProject
Project("{2150E333-8FDC-42A3-9474-1A3956D46DE8}") = "Common", "Common", "{B0AF1C0E-1AE3-4E49-AB31-74CA16B5B794}"
EndProject
Project("{2150E333-8FDC-42A3-9474-1A3956D46DE8}") = "Sessão1", "Sessão1", "{01CB4F90-54CA-4854-8F47-7506CAA78EAC}"
EndProject
Project("{2150E333-8FDC-42A3-9474-1A3956D46DE8}") = "Demos", "Demos", "{4557EF7D-C60E-4F17-9B09-67C2D00976A9}"
EndProject
Project("{2150E333-8FDC-42A3-9474-1A3956D46DE8}") = "Assignments", "Assignments", "{7A1188A5-08E5-4637-BD74-BBC32518717C}"
EndProject
Project("{FAE04EC0-301F-11D3-BF4B-00C04F79EFBC}") = "Mod02-AdvProgramming.Data", "Mod02-AdvProgramming.Data\Mod02-AdvProgramming.Data.csproj", "{2FA7C253-8566-4A64-9785-30AD69AC134E}"
EndProject
Project("{FAE04EC0-301F-11D3-BF4B-00C04F79EFBC}") = "Mod02-AdvProgramming.Assignments.Tests", "Mod02-AdvProgramming.Assignments.Tests\Mod02-AdvProgramming.Assignments.Tests.csproj", "{56CABEB1-FDAF-45F4-8AE5-7EBA8B12D11C}"
EndProject
Project("{FAE04EC0-301F-11D3-BF4B-00C04F79EFBC}") = "Mod02-AdvProgramming.Assignments", "Mod02-AdvProgramming.Assignments\Mod02-AdvProgramming.Assignments.csproj", "{22112689-6E23-49CE-906E-2E5E92EDDF45}"
EndProject
Project("{FAE04EC0-301F-11D3-BF4B-00C04F79EFBC}") = "Mod02-AdvProgramming.FromCSharp2.0ToLinq", "Mod02-AdvProgramming.FromCSharp2.0ToLinq\Mod02-AdvProgramming.FromCSharp2.0ToLinq.csproj", "{6AACEA7C-C1F1-4BE2-984E-F1E7522C2835}"
EndProject
Project("{2150E333-8FDC-42A3-9474-1A3956D46DE8}") = "Solution Items", "Solution Items", "{44682B82-C03A-4247-A681-64A57E14B9F2}"
	ProjectSection(SolutionItems) = preProject
		Local.testsettings = Local.testsettings
		Mod02-AdvancedProgramming.vsmdi = Mod02-AdvancedProgramming.vsmdi
		TraceAndTestImpact.testsettings = TraceAndTestImpact.testsettings
	EndProjectSection
EndProject
Project("{FAE04EC0-301F-11D3-BF4B-00C04F79EFBC}") = "Mod02-AdvProgramming.PhotoAlbums", "Mod02-AdvProgramming.PhotoAlbums\Mod02-AdvProgramming.PhotoAlbums.csproj", "{61DD1584-1FC4-4CAF-ACF6-417C12EEB18A}"
EndProject
Project("{2150E333-8FDC-42A3-9474-1A3956D46DE8}") = "Sessão3", "Sessão3", "{E9191519-0288-4C0D-A37E-2A131D4AB9AA}"
EndProject
Project("{2150E333-8FDC-42A3-9474-1A3956D46DE8}") = "Demos", "Demos", "{030A087C-320E-4B56-8B5C-6FAC2BD1B430}"
EndProject
Project("{2150E333-8FDC-42A3-9474-1A3956D46DE8}") = "Sessão4", "Sessão4", "{9465850A-9400-43B1-BD14-823041A4E7AF}"
EndProject
Project("{2150E333-8FDC-42A3-9474-1A3956D46DE8}") = "Assignments", "Assignments", "{973B3FD8-C90A-4D47-A050-0F0326E3B9B0}"
EndProject
Project("{2150E333-8FDC-42A3-9474-1A3956D46DE8}") = "Demos", "Demos", "{39BCA0A6-EC77-41A5-81C8-FB4E21BFD6F1}"
EndProject
Project("{FAE04EC0-301F-11D3-BF4B-00C04F79EFBC}") = "Mod02-AdvProgramming.ExpTrees", "Mod02-AdvProgramming.ExpTrees\Mod02-AdvProgramming.ExpTrees.csproj", "{4E8E924F-CC29-4843-B02E-CF607D8966E0}"
EndProject
Project("{FAE04EC0-301F-11D3-BF4B-00C04F79EFBC}") = "Mod02-AdvProgramming.LinqProvider", "Mod02-AdvProgramming.LinqProvider\Mod02-AdvProgramming.LinqProvider.csproj", "{FD9419F3-07AE-4552-B26C-7849E276DE7F}"
EndProject
Project("{2150E333-8FDC-42A3-9474-1A3956D46DE8}") = "Assignments", "Assignments", "{457A3FCE-F6AD-4B30-BB5E-2D843CD6B213}"
EndProject
Project("{FAE04EC0-301F-11D3-BF4B-00C04F79EFBC}") = "Mod02-AdvProgramming.PhotoAlbums", "Mod02-AdvProgramming.PhotoAlbumsExpressionTree\Mod02-AdvProgramming.PhotoAlbums.csproj", "{BC5C848D-4295-4EE7-9610-2DAA69E60743}"
EndProject
Project("{2150E333-8FDC-42A3-9474-1A3956D46DE8}") = "FinalWork", "FinalWork", "{95433C0F-7011-4A08-9B4A-02FD20473EA6}"
EndProject
Project("{2150E333-8FDC-42A3-9474-1A3956D46DE8}") = "Assignments", "Assignments", "{56B6FFD3-B6F1-40CB-B842-6619BBB6763C}"
EndProject
Project("{2150E333-8FDC-42A3-9474-1A3956D46DE8}") = "DIChelas", "DIChelas", "{E7CE9E79-5369-4230-BC7F-36337B657CAC}"
EndProject
Project("{FAE04EC0-301F-11D3-BF4B-00C04F79EFBC}") = "DIChelas", "FinalWork\DIChelas\DIChelas\DIChelas.csproj", "{6666CD41-C05E-43B4-B43E-B41B5871E8DB}"
EndProject
Project("{FAE04EC0-301F-11D3-BF4B-00C04F79EFBC}") = "DIChelas.SampleTypes", "FinalWork\DIChelas\DIChelas.SampleTypes\DIChelas.SampleTypes.csproj", "{0A9F133C-457E-4A47-A615-59ACB5C970F9}"
EndProject
Project("{FAE04EC0-301F-11D3-BF4B-00C04F79EFBC}") = "DIChelas.Tests", "FinalWork\DIChelas\DIChelas.Tests\DIChelas.Tests.csproj", "{03A2C558-4A36-4B14-AD60-190FAF5AE27B}"
EndProject
Global
	GlobalSection(TestCaseManagementSettings) = postSolution
		CategoryFile = Mod02-AdvancedProgramming.vsmdi
	EndGlobalSection
	GlobalSection(SolutionConfigurationPlatforms) = preSolution
		Debug|Any CPU = Debug|Any CPU
		Debug|Mixed Platforms = Debug|Mixed Platforms
		Debug|x86 = Debug|x86
		Release|Any CPU = Release|Any CPU
		Release|Mixed Platforms = Release|Mixed Platforms
		Release|x86 = Release|x86
	EndGlobalSection
	GlobalSection(ProjectConfigurationPlatforms) = postSolution
		{C45FACAA-FBE2-4D85-B173-BB0AA92A2944}.Debug|Any CPU.ActiveCfg = Debug|Any CPU
		{C45FACAA-FBE2-4D85-B173-BB0AA92A2944}.Debug|Any CPU.Build.0 = Debug|Any CPU
		{C45FACAA-FBE2-4D85-B173-BB0AA92A2944}.Debug|Mixed Platforms.ActiveCfg = Debug|Any CPU
		{C45FACAA-FBE2-4D85-B173-BB0AA92A2944}.Debug|Mixed Platforms.Build.0 = Debug|Any CPU
		{C45FACAA-FBE2-4D85-B173-BB0AA92A2944}.Debug|x86.ActiveCfg = Debug|Any CPU
		{C45FACAA-FBE2-4D85-B173-BB0AA92A2944}.Release|Any CPU.ActiveCfg = Release|Any CPU
		{C45FACAA-FBE2-4D85-B173-BB0AA92A2944}.Release|Any CPU.Build.0 = Release|Any CPU
		{C45FACAA-FBE2-4D85-B173-BB0AA92A2944}.Release|Mixed Platforms.ActiveCfg = Release|Any CPU
		{C45FACAA-FBE2-4D85-B173-BB0AA92A2944}.Release|Mixed Platforms.Build.0 = Release|Any CPU
		{C45FACAA-FBE2-4D85-B173-BB0AA92A2944}.Release|x86.ActiveCfg = Release|Any CPU
		{2FA7C253-8566-4A64-9785-30AD69AC134E}.Debug|Any CPU.ActiveCfg = Debug|Any CPU
		{2FA7C253-8566-4A64-9785-30AD69AC134E}.Debug|Any CPU.Build.0 = Debug|Any CPU
		{2FA7C253-8566-4A64-9785-30AD69AC134E}.Debug|Mixed Platforms.ActiveCfg = Debug|Any CPU
		{2FA7C253-8566-4A64-9785-30AD69AC134E}.Debug|Mixed Platforms.Build.0 = Debug|Any CPU
		{2FA7C253-8566-4A64-9785-30AD69AC134E}.Debug|x86.ActiveCfg = Debug|Any CPU
		{2FA7C253-8566-4A64-9785-30AD69AC134E}.Release|Any CPU.ActiveCfg = Release|Any CPU
		{2FA7C253-8566-4A64-9785-30AD69AC134E}.Release|Any CPU.Build.0 = Release|Any CPU
		{2FA7C253-8566-4A64-9785-30AD69AC134E}.Release|Mixed Platforms.ActiveCfg = Release|Any CPU
		{2FA7C253-8566-4A64-9785-30AD69AC134E}.Release|Mixed Platforms.Build.0 = Release|Any CPU
		{2FA7C253-8566-4A64-9785-30AD69AC134E}.Release|x86.ActiveCfg = Release|Any CPU
		{56CABEB1-FDAF-45F4-8AE5-7EBA8B12D11C}.Debug|Any CPU.ActiveCfg = Debug|Any CPU
		{56CABEB1-FDAF-45F4-8AE5-7EBA8B12D11C}.Debug|Any CPU.Build.0 = Debug|Any CPU
		{56CABEB1-FDAF-45F4-8AE5-7EBA8B12D11C}.Debug|Mixed Platforms.ActiveCfg = Debug|Any CPU
		{56CABEB1-FDAF-45F4-8AE5-7EBA8B12D11C}.Debug|Mixed Platforms.Build.0 = Debug|Any CPU
		{56CABEB1-FDAF-45F4-8AE5-7EBA8B12D11C}.Debug|x86.ActiveCfg = Debug|Any CPU
		{56CABEB1-FDAF-45F4-8AE5-7EBA8B12D11C}.Release|Any CPU.ActiveCfg = Release|Any CPU
		{56CABEB1-FDAF-45F4-8AE5-7EBA8B12D11C}.Release|Any CPU.Build.0 = Release|Any CPU
		{56CABEB1-FDAF-45F4-8AE5-7EBA8B12D11C}.Release|Mixed Platforms.ActiveCfg = Release|Any CPU
		{56CABEB1-FDAF-45F4-8AE5-7EBA8B12D11C}.Release|Mixed Platforms.Build.0 = Release|Any CPU
		{56CABEB1-FDAF-45F4-8AE5-7EBA8B12D11C}.Release|x86.ActiveCfg = Release|Any CPU
		{22112689-6E23-49CE-906E-2E5E92EDDF45}.Debug|Any CPU.ActiveCfg = Debug|Any CPU
		{22112689-6E23-49CE-906E-2E5E92EDDF45}.Debug|Any CPU.Build.0 = Debug|Any CPU
		{22112689-6E23-49CE-906E-2E5E92EDDF45}.Debug|Mixed Platforms.ActiveCfg = Debug|Any CPU
		{22112689-6E23-49CE-906E-2E5E92EDDF45}.Debug|Mixed Platforms.Build.0 = Debug|Any CPU
		{22112689-6E23-49CE-906E-2E5E92EDDF45}.Debug|x86.ActiveCfg = Debug|Any CPU
		{22112689-6E23-49CE-906E-2E5E92EDDF45}.Release|Any CPU.ActiveCfg = Release|Any CPU
		{22112689-6E23-49CE-906E-2E5E92EDDF45}.Release|Any CPU.Build.0 = Release|Any CPU
		{22112689-6E23-49CE-906E-2E5E92EDDF45}.Release|Mixed Platforms.ActiveCfg = Release|Any CPU
		{22112689-6E23-49CE-906E-2E5E92EDDF45}.Release|Mixed Platforms.Build.0 = Release|Any CPU
		{22112689-6E23-49CE-906E-2E5E92EDDF45}.Release|x86.ActiveCfg = Release|Any CPU
		{6AACEA7C-C1F1-4BE2-984E-F1E7522C2835}.Debug|Any CPU.ActiveCfg = Debug|Any CPU
		{6AACEA7C-C1F1-4BE2-984E-F1E7522C2835}.Debug|Any CPU.Build.0 = Debug|Any CPU
		{6AACEA7C-C1F1-4BE2-984E-F1E7522C2835}.Debug|Mixed Platforms.ActiveCfg = Debug|Any CPU
		{6AACEA7C-C1F1-4BE2-984E-F1E7522C2835}.Debug|Mixed Platforms.Build.0 = Debug|Any CPU
		{6AACEA7C-C1F1-4BE2-984E-F1E7522C2835}.Debug|x86.ActiveCfg = Debug|Any CPU
		{6AACEA7C-C1F1-4BE2-984E-F1E7522C2835}.Release|Any CPU.ActiveCfg = Release|Any CPU
		{6AACEA7C-C1F1-4BE2-984E-F1E7522C2835}.Release|Any CPU.Build.0 = Release|Any CPU
		{6AACEA7C-C1F1-4BE2-984E-F1E7522C2835}.Release|Mixed Platforms.ActiveCfg = Release|Any CPU
		{6AACEA7C-C1F1-4BE2-984E-F1E7522C2835}.Release|Mixed Platforms.Build.0 = Release|Any CPU
		{6AACEA7C-C1F1-4BE2-984E-F1E7522C2835}.Release|x86.ActiveCfg = Release|Any CPU
		{61DD1584-1FC4-4CAF-ACF6-417C12EEB18A}.Debug|Any CPU.ActiveCfg = Debug|x86
		{61DD1584-1FC4-4CAF-ACF6-417C12EEB18A}.Debug|Mixed Platforms.ActiveCfg = Debug|x86
		{61DD1584-1FC4-4CAF-ACF6-417C12EEB18A}.Debug|Mixed Platforms.Build.0 = Debug|x86
		{61DD1584-1FC4-4CAF-ACF6-417C12EEB18A}.Debug|x86.ActiveCfg = Debug|x86
		{61DD1584-1FC4-4CAF-ACF6-417C12EEB18A}.Debug|x86.Build.0 = Debug|x86
		{61DD1584-1FC4-4CAF-ACF6-417C12EEB18A}.Release|Any CPU.ActiveCfg = Release|x86
		{61DD1584-1FC4-4CAF-ACF6-417C12EEB18A}.Release|Mixed Platforms.ActiveCfg = Release|x86
		{61DD1584-1FC4-4CAF-ACF6-417C12EEB18A}.Release|Mixed Platforms.Build.0 = Release|x86
		{61DD1584-1FC4-4CAF-ACF6-417C12EEB18A}.Release|x86.ActiveCfg = Release|x86
		{61DD1584-1FC4-4CAF-ACF6-417C12EEB18A}.Release|x86.Build.0 = Release|x86
		{4E8E924F-CC29-4843-B02E-CF607D8966E0}.Debug|Any CPU.ActiveCfg = Debug|x86
		{4E8E924F-CC29-4843-B02E-CF607D8966E0}.Debug|Mixed Platforms.ActiveCfg = Debug|x86
		{4E8E924F-CC29-4843-B02E-CF607D8966E0}.Debug|Mixed Platforms.Build.0 = Debug|x86
		{4E8E924F-CC29-4843-B02E-CF607D8966E0}.Debug|x86.ActiveCfg = Debug|x86
		{4E8E924F-CC29-4843-B02E-CF607D8966E0}.Debug|x86.Build.0 = Debug|x86
		{4E8E924F-CC29-4843-B02E-CF607D8966E0}.Release|Any CPU.ActiveCfg = Release|x86
		{4E8E924F-CC29-4843-B02E-CF607D8966E0}.Release|Mixed Platforms.ActiveCfg = Release|x86
		{4E8E924F-CC29-4843-B02E-CF607D8966E0}.Release|Mixed Platforms.Build.0 = Release|x86
		{4E8E924F-CC29-4843-B02E-CF607D8966E0}.Release|x86.ActiveCfg = Release|x86
		{4E8E924F-CC29-4843-B02E-CF607D8966E0}.Release|x86.Build.0 = Release|x86
		{FD9419F3-07AE-4552-B26C-7849E276DE7F}.Debug|Any CPU.ActiveCfg = Debug|x86
		{FD9419F3-07AE-4552-B26C-7849E276DE7F}.Debug|Mixed Platforms.ActiveCfg = Debug|x86
		{FD9419F3-07AE-4552-B26C-7849E276DE7F}.Debug|Mixed Platforms.Build.0 = Debug|x86
		{FD9419F3-07AE-4552-B26C-7849E276DE7F}.Debug|x86.ActiveCfg = Debug|x86
		{FD9419F3-07AE-4552-B26C-7849E276DE7F}.Debug|x86.Build.0 = Debug|x86
		{FD9419F3-07AE-4552-B26C-7849E276DE7F}.Release|Any CPU.ActiveCfg = Release|x86
		{FD9419F3-07AE-4552-B26C-7849E276DE7F}.Release|Mixed Platforms.ActiveCfg = Release|x86
		{FD9419F3-07AE-4552-B26C-7849E276DE7F}.Release|Mixed Platforms.Build.0 = Release|x86
		{FD9419F3-07AE-4552-B26C-7849E276DE7F}.Release|x86.ActiveCfg = Release|x86
		{FD9419F3-07AE-4552-B26C-7849E276DE7F}.Release|x86.Build.0 = Release|x86
		{BC5C848D-4295-4EE7-9610-2DAA69E60743}.Debug|Any CPU.ActiveCfg = Debug|x86
		{BC5C848D-4295-4EE7-9610-2DAA69E60743}.Debug|Mixed Platforms.ActiveCfg = Debug|x86
		{BC5C848D-4295-4EE7-9610-2DAA69E60743}.Debug|Mixed Platforms.Build.0 = Debug|x86
		{BC5C848D-4295-4EE7-9610-2DAA69E60743}.Debug|x86.ActiveCfg = Debug|x86
		{BC5C848D-4295-4EE7-9610-2DAA69E60743}.Debug|x86.Build.0 = Debug|x86
		{BC5C848D-4295-4EE7-9610-2DAA69E60743}.Release|Any CPU.ActiveCfg = Release|x86
		{BC5C848D-4295-4EE7-9610-2DAA69E60743}.Release|Mixed Platforms.ActiveCfg = Release|x86
		{BC5C848D-4295-4EE7-9610-2DAA69E60743}.Release|Mixed Platforms.Build.0 = Release|x86
		{BC5C848D-4295-4EE7-9610-2DAA69E60743}.Release|x86.ActiveCfg = Release|x86
		{BC5C848D-4295-4EE7-9610-2DAA69E60743}.Release|x86.Build.0 = Release|x86
		{6666CD41-C05E-43B4-B43E-B41B5871E8DB}.Debug|Any CPU.ActiveCfg = Debug|Any CPU
		{6666CD41-C05E-43B4-B43E-B41B5871E8DB}.Debug|Any CPU.Build.0 = Debug|Any CPU
		{6666CD41-C05E-43B4-B43E-B41B5871E8DB}.Debug|Mixed Platforms.ActiveCfg = Debug|Any CPU
		{6666CD41-C05E-43B4-B43E-B41B5871E8DB}.Debug|Mixed Platforms.Build.0 = Debug|Any CPU
		{6666CD41-C05E-43B4-B43E-B41B5871E8DB}.Debug|x86.ActiveCfg = Debug|Any CPU
		{6666CD41-C05E-43B4-B43E-B41B5871E8DB}.Release|Any CPU.ActiveCfg = Release|Any CPU
		{6666CD41-C05E-43B4-B43E-B41B5871E8DB}.Release|Any CPU.Build.0 = Release|Any CPU
		{6666CD41-C05E-43B4-B43E-B41B5871E8DB}.Release|Mixed Platforms.ActiveCfg = Release|Any CPU
		{6666CD41-C05E-43B4-B43E-B41B5871E8DB}.Release|Mixed Platforms.Build.0 = Release|Any CPU
		{6666CD41-C05E-43B4-B43E-B41B5871E8DB}.Release|x86.ActiveCfg = Release|Any CPU
		{0A9F133C-457E-4A47-A615-59ACB5C970F9}.Debug|Any CPU.ActiveCfg = Debug|Any CPU
		{0A9F133C-457E-4A47-A615-59ACB5C970F9}.Debug|Any CPU.Build.0 = Debug|Any CPU
		{0A9F133C-457E-4A47-A615-59ACB5C970F9}.Debug|Mixed Platforms.ActiveCfg = Debug|Any CPU
		{0A9F133C-457E-4A47-A615-59ACB5C970F9}.Debug|Mixed Platforms.Build.0 = Debug|Any CPU
		{0A9F133C-457E-4A47-A615-59ACB5C970F9}.Debug|x86.ActiveCfg = Debug|Any CPU
		{0A9F133C-457E-4A47-A615-59ACB5C970F9}.Release|Any CPU.ActiveCfg = Release|Any CPU
		{0A9F133C-457E-4A47-A615-59ACB5C970F9}.Release|Any CPU.Build.0 = Release|Any CPU
		{0A9F133C-457E-4A47-A615-59ACB5C970F9}.Release|Mixed Platforms.ActiveCfg = Release|Any CPU
		{0A9F133C-457E-4A47-A615-59ACB5C970F9}.Release|Mixed Platforms.Build.0 = Release|Any CPU
		{0A9F133C-457E-4A47-A615-59ACB5C970F9}.Release|x86.ActiveCfg = Release|Any CPU
		{03A2C558-4A36-4B14-AD60-190FAF5AE27B}.Debug|Any CPU.ActiveCfg = Debug|Any CPU
		{03A2C558-4A36-4B14-AD60-190FAF5AE27B}.Debug|Any CPU.Build.0 = Debug|Any CPU
		{03A2C558-4A36-4B14-AD60-190FAF5AE27B}.Debug|Mixed Platforms.ActiveCfg = Debug|Any CPU
		{03A2C558-4A36-4B14-AD60-190FAF5AE27B}.Debug|Mixed Platforms.Build.0 = Debug|Any CPU
		{03A2C558-4A36-4B14-AD60-190FAF5AE27B}.Debug|x86.ActiveCfg = Debug|Any CPU
		{03A2C558-4A36-4B14-AD60-190FAF5AE27B}.Release|Any CPU.ActiveCfg = Release|Any CPU
		{03A2C558-4A36-4B14-AD60-190FAF5AE27B}.Release|Any CPU.Build.0 = Release|Any CPU
		{03A2C558-4A36-4B14-AD60-190FAF5AE27B}.Release|Mixed Platforms.ActiveCfg = Release|Any CPU
		{03A2C558-4A36-4B14-AD60-190FAF5AE27B}.Release|Mixed Platforms.Build.0 = Release|Any CPU
		{03A2C558-4A36-4B14-AD60-190FAF5AE27B}.Release|x86.ActiveCfg = Release|Any CPU
	EndGlobalSection
	GlobalSection(SolutionProperties) = preSolution
		HideSolutionNode = FALSE
	EndGlobalSection
	GlobalSection(NestedProjects) = preSolution
		{C45FACAA-FBE2-4D85-B173-BB0AA92A2944} = {B0AF1C0E-1AE3-4E49-AB31-74CA16B5B794}
		{2FA7C253-8566-4A64-9785-30AD69AC134E} = {B0AF1C0E-1AE3-4E49-AB31-74CA16B5B794}
		{4557EF7D-C60E-4F17-9B09-67C2D00976A9} = {01CB4F90-54CA-4854-8F47-7506CAA78EAC}
		{7A1188A5-08E5-4637-BD74-BBC32518717C} = {01CB4F90-54CA-4854-8F47-7506CAA78EAC}
		{6AACEA7C-C1F1-4BE2-984E-F1E7522C2835} = {4557EF7D-C60E-4F17-9B09-67C2D00976A9}
		{56CABEB1-FDAF-45F4-8AE5-7EBA8B12D11C} = {7A1188A5-08E5-4637-BD74-BBC32518717C}
		{22112689-6E23-49CE-906E-2E5E92EDDF45} = {7A1188A5-08E5-4637-BD74-BBC32518717C}
		{44682B82-C03A-4247-A681-64A57E14B9F2} = {7A1188A5-08E5-4637-BD74-BBC32518717C}
		{61DD1584-1FC4-4CAF-ACF6-417C12EEB18A} = {7A1188A5-08E5-4637-BD74-BBC32518717C}
		{030A087C-320E-4B56-8B5C-6FAC2BD1B430} = {E9191519-0288-4C0D-A37E-2A131D4AB9AA}
		{457A3FCE-F6AD-4B30-BB5E-2D843CD6B213} = {E9191519-0288-4C0D-A37E-2A131D4AB9AA}
		{4E8E924F-CC29-4843-B02E-CF607D8966E0} = {030A087C-320E-4B56-8B5C-6FAC2BD1B430}
		{973B3FD8-C90A-4D47-A050-0F0326E3B9B0} = {9465850A-9400-43B1-BD14-823041A4E7AF}
		{39BCA0A6-EC77-41A5-81C8-FB4E21BFD6F1} = {9465850A-9400-43B1-BD14-823041A4E7AF}
		{FD9419F3-07AE-4552-B26C-7849E276DE7F} = {973B3FD8-C90A-4D47-A050-0F0326E3B9B0}
		{BC5C848D-4295-4EE7-9610-2DAA69E60743} = {457A3FCE-F6AD-4B30-BB5E-2D843CD6B213}
		{56B6FFD3-B6F1-40CB-B842-6619BBB6763C} = {95433C0F-7011-4A08-9B4A-02FD20473EA6}
		{E7CE9E79-5369-4230-BC7F-36337B657CAC} = {56B6FFD3-B6F1-40CB-B842-6619BBB6763C}
		{6666CD41-C05E-43B4-B43E-B41B5871E8DB} = {E7CE9E79-5369-4230-BC7F-36337B657CAC}
		{0A9F133C-457E-4A47-A615-59ACB5C970F9} = {E7CE9E79-5369-4230-BC7F-36337B657CAC}
		{03A2C558-4A36-4B14-AD60-190FAF5AE27B} = {E7CE9E79-5369-4230-BC7F-36337B657CAC}
	EndGlobalSection
EndGlobal
